
Microsoft Visual Studio Solution File, Format Version 12.00
# Visual Studio Version 17
VisualStudioVersion = 17.8.34330.188
MinimumVisualStudioVersion = 10.0.40219.1
Project("{2150E333-8FDC-42A3-9474-1A3956D46DE8}") = "Infra", "Infra", "{CE603A7E-AC94-4081-B17F-A9889F81FD99}"
EndProject
Project("{2150E333-8FDC-42A3-9474-1A3956D46DE8}") = "Core", "Core", "{A6F8DD9B-026B-4858-A49C-AE9BCF7CCCA2}"
EndProject
Project("{2150E333-8FDC-42A3-9474-1A3956D46DE8}") = "Pres", "Pres", "{0A8AD7BF-5AC7-4AC0-8755-65EB4233074B}"
EndProject
Project("{FAE04EC0-301F-11D3-BF4B-00C04F79EFBC}") = "Domain", "Domain\Domain.csproj", "{90B1588E-4B10-4945-802E-43D16B502B3A}"
EndProject
Project("{FAE04EC0-301F-11D3-BF4B-00C04F79EFBC}") = "Application", "Application\Application.csproj", "{7DE8208E-B896-42AE-A535-79EA98E656D8}"
EndProject
Project("{FAE04EC0-301F-11D3-BF4B-00C04F79EFBC}") = "Persistence", "Persistence\Persistence.csproj", "{73FAB759-5D71-4EF3-9111-695F8E61A464}"
EndProject
Project("{FAE04EC0-301F-11D3-BF4B-00C04F79EFBC}") = "Shared", "Shared\Shared.csproj", "{0746AEF3-86F0-4D45-9BF1-D81DE651D9F1}"
EndProject
Project("{FAE04EC0-301F-11D3-BF4B-00C04F79EFBC}") = "WebApi", "WebApi\WebApi.csproj", "{FF371D30-729D-44F6-993E-06F1D343EBF2}"
EndProject
Global
	GlobalSection(SolutionConfigurationPlatforms) = preSolution
		Debug|Any CPU = Debug|Any CPU
		Release|Any CPU = Release|Any CPU
	EndGlobalSection
	GlobalSection(ProjectConfigurationPlatforms) = postSolution
		{90B1588E-4B10-4945-802E-43D16B502B3A}.Debug|Any CPU.ActiveCfg = Debug|Any CPU
		{90B1588E-4B10-4945-802E-43D16B502B3A}.Debug|Any CPU.Build.0 = Debug|Any CPU
		{90B1588E-4B10-4945-802E-43D16B502B3A}.Release|Any CPU.ActiveCfg = Release|Any CPU
		{90B1588E-4B10-4945-802E-43D16B502B3A}.Release|Any CPU.Build.0 = Release|Any CPU
		{7DE8208E-B896-42AE-A535-79EA98E656D8}.Debug|Any CPU.ActiveCfg = Debug|Any CPU
		{7DE8208E-B896-42AE-A535-79EA98E656D8}.Debug|Any CPU.Build.0 = Debug|Any CPU
		{7DE8208E-B896-42AE-A535-79EA98E656D8}.Release|Any CPU.ActiveCfg = Release|Any CPU
		{7DE8208E-B896-42AE-A535-79EA98E656D8}.Release|Any CPU.Build.0 = Release|Any CPU
		{73FAB759-5D71-4EF3-9111-695F8E61A464}.Debug|Any CPU.ActiveCfg = Debug|Any CPU
		{73FAB759-5D71-4EF3-9111-695F8E61A464}.Debug|Any CPU.Build.0 = Debug|Any CPU
		{73FAB759-5D71-4EF3-9111-695F8E61A464}.Release|Any CPU.ActiveCfg = Release|Any CPU
		{73FAB759-5D71-4EF3-9111-695F8E61A464}.Release|Any CPU.Build.0 = Release|Any CPU
		{0746AEF3-86F0-4D45-9BF1-D81DE651D9F1}.Debug|Any CPU.ActiveCfg = Debug|Any CPU
		{0746AEF3-86F0-4D45-9BF1-D81DE651D9F1}.Debug|Any CPU.Build.0 = Debug|Any CPU
		{0746AEF3-86F0-4D45-9BF1-D81DE651D9F1}.Release|Any CPU.ActiveCfg = Release|Any CPU
		{0746AEF3-86F0-4D45-9BF1-D81DE651D9F1}.Release|Any CPU.Build.0 = Release|Any CPU
		{FF371D30-729D-44F6-993E-06F1D343EBF2}.Debug|Any CPU.ActiveCfg = Debug|Any CPU
		{FF371D30-729D-44F6-993E-06F1D343EBF2}.Debug|Any CPU.Build.0 = Debug|Any CPU
		{FF371D30-729D-44F6-993E-06F1D343EBF2}.Release|Any CPU.ActiveCfg = Release|Any CPU
		{FF371D30-729D-44F6-993E-06F1D343EBF2}.Release|Any CPU.Build.0 = Release|Any CPU
	EndGlobalSection
	GlobalSection(SolutionProperties) = preSolution
		HideSolutionNode = FALSE
	EndGlobalSection
	GlobalSection(NestedProjects) = preSolution
		{90B1588E-4B10-4945-802E-43D16B502B3A} = {A6F8DD9B-026B-4858-A49C-AE9BCF7CCCA2}
		{7DE8208E-B896-42AE-A535-79EA98E656D8} = {A6F8DD9B-026B-4858-A49C-AE9BCF7CCCA2}
		{73FAB759-5D71-4EF3-9111-695F8E61A464} = {CE603A7E-AC94-4081-B17F-A9889F81FD99}
		{0746AEF3-86F0-4D45-9BF1-D81DE651D9F1} = {CE603A7E-AC94-4081-B17F-A9889F81FD99}
		{FF371D30-729D-44F6-993E-06F1D343EBF2} = {0A8AD7BF-5AC7-4AC0-8755-65EB4233074B}
	EndGlobalSection
	GlobalSection(ExtensibilityGlobals) = postSolution
		SolutionGuid = {A48EE065-74D9-494E-BF3A-F685ED9D0E66}
	EndGlobalSection
EndGlobal
